Microsoft Visual Studio Solution File, Format Version 12.00
# Visual Studio Version 17
VisualStudioVersion = 17.5.2.0
MinimumVisualStudioVersion = 10.0.40219.1
Project("{FAE04EC0-301F-11D3-BF4B-00C04F79EFBC}") = "CarMarketBackend", "CarMarketBackend.csproj", "{C43E675A-AF51-289F-4BE2-56884AC18A2A}"
EndProject
Global
	GlobalSection(SolutionConfigurationPlatforms) = preSolution
		Debug|Any CPU = Debug|Any CPU
		Release|Any CPU = Release|Any CPU
	EndGlobalSection
	GlobalSection(ProjectConfigurationPlatforms) = postSolution
		{C43E675A-AF51-289F-4BE2-56884AC18A2A}.Debug|Any CPU.ActiveCfg = Debug|Any CPU
		{C43E675A-AF51-289F-4BE2-56884AC18A2A}.Debug|Any CPU.Build.0 = Debug|Any CPU
		{C43E675A-AF51-289F-4BE2-56884AC18A2A}.Release|Any CPU.ActiveCfg = Release|Any CPU
		{C43E675A-AF51-289F-4BE2-56884AC18A2A}.Release|Any CPU.Build.0 = Release|Any CPU
	EndGlobalSection
	GlobalSection(SolutionProperties) = preSolution
		HideSolutionNode = FALSE
	EndGlobalSection
	GlobalSection(ExtensibilityGlobals) = postSolution
		SolutionGuid = {CEB148ED-3443-4127-B00E-0006A9802E5F}
	EndGlobalSection
EndGlobal
